
Microsoft Visual Studio Solution File, Format Version 12.00
# Visual Studio Version 17
VisualStudioVersion = 17.10.35027.167
MinimumVisualStudioVersion = 10.0.40219.1
Project("{9A19103F-16F7-4668-BE54-9A1E7A4F7556}") = "PizzaPlaceApi.Api", "PizzaPlaceApi.Api\PizzaPlaceApi.Api.csproj", "{E4FD1EFB-91F3-45C0-92A6-588B29D815EC}"
EndProject
Project("{9A19103F-16F7-4668-BE54-9A1E7A4F7556}") = "PizzaPlaceApi.Application", "PizzaPlaceApi.Application\PizzaPlaceApi.Application.csproj", "{CE3B0DBD-74BD-4FBB-BE53-C444D162B730}"
EndProject
Project("{9A19103F-16F7-4668-BE54-9A1E7A4F7556}") = "PizzaPlaceApi.Domain", "PizzaPlaceApi.Domain\PizzaPlaceApi.Domain.csproj", "{B5DEEFD1-57DF-4BB3-B3EA-59BB68D028E2}"
EndProject
Project("{9A19103F-16F7-4668-BE54-9A1E7A4F7556}") = "PizzaPlaceApi.Infrastructure", "PizzaPlaceApi.Infrastructure\PizzaPlaceApi.Infrastructure.csproj", "{05640860-DB62-4922-B04E-239AE5B7C73A}"
EndProject
Global
	GlobalSection(SolutionConfigurationPlatforms) = preSolution
		Debug|Any CPU = Debug|Any CPU
		Release|Any CPU = Release|Any CPU
	EndGlobalSection
	GlobalSection(ProjectConfigurationPlatforms) = postSolution
		{E4FD1EFB-91F3-45C0-92A6-588B29D815EC}.Debug|Any CPU.ActiveCfg = Debug|Any CPU
		{E4FD1EFB-91F3-45C0-92A6-588B29D815EC}.Debug|Any CPU.Build.0 = Debug|Any CPU
		{E4FD1EFB-91F3-45C0-92A6-588B29D815EC}.Release|Any CPU.ActiveCfg = Release|Any CPU
		{E4FD1EFB-91F3-45C0-92A6-588B29D815EC}.Release|Any CPU.Build.0 = Release|Any CPU
		{CE3B0DBD-74BD-4FBB-BE53-C444D162B730}.Debug|Any CPU.ActiveCfg = Debug|Any CPU
		{CE3B0DBD-74BD-4FBB-BE53-C444D162B730}.Debug|Any CPU.Build.0 = Debug|Any CPU
		{CE3B0DBD-74BD-4FBB-BE53-C444D162B730}.Release|Any CPU.ActiveCfg = Release|Any CPU
		{CE3B0DBD-74BD-4FBB-BE53-C444D162B730}.Release|Any CPU.Build.0 = Release|Any CPU
		{B5DEEFD1-57DF-4BB3-B3EA-59BB68D028E2}.Debug|Any CPU.ActiveCfg = Debug|Any CPU
		{B5DEEFD1-57DF-4BB3-B3EA-59BB68D028E2}.Debug|Any CPU.Build.0 = Debug|Any CPU
		{B5DEEFD1-57DF-4BB3-B3EA-59BB68D028E2}.Release|Any CPU.ActiveCfg = Release|Any CPU
		{B5DEEFD1-57DF-4BB3-B3EA-59BB68D028E2}.Release|Any CPU.Build.0 = Release|Any CPU
		{05640860-DB62-4922-B04E-239AE5B7C73A}.Debug|Any CPU.ActiveCfg = Debug|Any CPU
		{05640860-DB62-4922-B04E-239AE5B7C73A}.Debug|Any CPU.Build.0 = Debug|Any CPU
		{05640860-DB62-4922-B04E-239AE5B7C73A}.Release|Any CPU.ActiveCfg = Release|Any CPU
		{05640860-DB62-4922-B04E-239AE5B7C73A}.Release|Any CPU.Build.0 = Release|Any CPU
	EndGlobalSection
	GlobalSection(SolutionProperties) = preSolution
		HideSolutionNode = FALSE
	EndGlobalSection
	GlobalSection(ExtensibilityGlobals) = postSolution
		SolutionGuid = {F2AF0344-A5F1-4038-9F0E-291843DC4AD3}
	EndGlobalSection
EndGlobal
